
Microsoft Visual Studio Solution File, Format Version 12.00
# Visual Studio Version 16
VisualStudioVersion = 16.0.32413.511
MinimumVisualStudioVersion = 10.0.40219.1
Project("{FAE04EC0-301F-11D3-BF4B-00C04F79EFBC}") = "WpfApp1", "WpfApp1\WpfApp1.csproj", "{FEE6B343-F752-47BA-A7C6-D6C196B908AA}"
EndProject
Global
	GlobalSection(SolutionConfigurationPlatforms) = preSolution
		Debug|Any CPU = Debug|Any CPU
		Release|Any CPU = Release|Any CPU
	EndGlobalSection
	GlobalSection(ProjectConfigurationPlatforms) = postSolution
		{FEE6B343-F752-47BA-A7C6-D6C196B908AA}.Debug|Any CPU.ActiveCfg = Debug|Any CPU
		{FEE6B343-F752-47BA-A7C6-D6C196B908AA}.Debug|Any CPU.Build.0 = Debug|Any CPU
		{FEE6B343-F752-47BA-A7C6-D6C196B908AA}.Release|Any CPU.ActiveCfg = Release|Any CPU
		{FEE6B343-F752-47BA-A7C6-D6C196B908AA}.Release|Any CPU.Build.0 = Release|Any CPU
	EndGlobalSection
	GlobalSection(SolutionProperties) = preSolution
		HideSolutionNode = FALSE
	EndGlobalSection
	GlobalSection(ExtensibilityGlobals) = postSolution
		SolutionGuid = {2324DB68-6B1A-49E0-9618-057ACBFDC70A}
	EndGlobalSection
EndGlobal
